// !$*UTF8*$!
{
	archiveVersion = 1;
	classes = {
	};
	objectVersion = 56;
	objects = {

/* Begin PBXBuildFile section */
		D68E95742BE66F3D00FC8689 /* GlobeAnimationApp.swift in Sources */ = {isa = PBXBuildFile; fileRef = D68E95732BE66F3D00FC8689 /* GlobeAnimationApp.swift */; };
		D68E95762BE66F3D00FC8689 /* ContentView.swift in Sources */ = {isa = PBXBuildFile; fileRef = D68E95752BE66F3D00FC8689 /* ContentView.swift */; };
		D68E95782BE66F4000FC8689 /* Assets.xcassets in Resources */ = {isa = PBXBuildFile; fileRef = D68E95772BE66F4000FC8689 /* Assets.xcassets */; };
		D68E957B2BE66F4000FC8689 /* Preview Assets.xcassets in Resources */ = {isa = PBXBuildFile; fileRef = D68E957A2BE66F4000FC8689 /* Preview Assets.xcassets */; };
		D68E95852BE66F4000FC8689 /* GlobeAnimationTests.swift in Sources */ = {isa = PBXBuildFile; fileRef = D68E95842BE66F4000FC8689 /* GlobeAnimationTests.swift */; };
		D68E958F2BE66F4000FC8689 /* GlobeAnimationUITests.swift in Sources */ = {isa = PBXBuildFile; fileRef = D68E958E2BE66F4000FC8689 /* GlobeAnimationUITests.swift */; };
		D68E95912BE66F4000FC8689 /* GlobeAnimationUITestsLaunchTests.swift in Sources */ = {isa = PBXBuildFile; fileRef = D68E95902BE66F4000FC8689 /* GlobeAnimationUITestsLaunchTests.swift */; };
/* End PBXBuildFile section */

/* Begin PBXContainerItemProxy section */
		D68E95812BE66F4000FC8689 /* PBXContainerItemProxy */ = {
			isa = PBXContainerItemProxy;
			containerPortal = D68E95682BE66F3D00FC8689 /* Project object */;
			proxyType = 1;
			remoteGlobalIDString = D68E956F2BE66F3D00FC8689;
			remoteInfo = GlobeAnimation;
		};
		D68E958B2BE66F4000FC8689 /* PBXContainerItemProxy */ = {
			isa = PBXContainerItemProxy;
			containerPortal = D68E95682BE66F3D00FC8689 /* Project object */;
			proxyType = 1;
			remoteGlobalIDString = D68E956F2BE66F3D00FC8689;
			remoteInfo = GlobeAnimation;
		};
/* End PBXContainerItemProxy section */

/* Begin PBXFileReference section */
		D68E95702BE66F3D00FC8689 /* GlobeAnimation.app */ = {isa = PBXFileReference; explicitFileType = wrapper.application; includeInIndex = 0; path = GlobeAnimation.app; sourceTree = BUILT_PRODUCTS_DIR; };
		D68E95732BE66F3D00FC8689 /* GlobeAnimationApp.swift */ = {isa = PBXFileReference; lastKnownFileType = sourcecode.swift; path = GlobeAnimationApp.swift; sourceTree = "<group>"; };
		D68E95752BE66F3D00FC8689 /* ContentView.swift */ = {isa = PBXFileReference; lastKnownFileType = sourcecode.swift; path = ContentView.swift; sourceTree = "<group>"; };
		D68E95772BE66F4000FC8689 /* Assets.xcassets */ = {isa = PBXFileReference; lastKnownFileType = folder.assetcatalog; path = Assets.xcassets; sourceTree = "<group>"; };
		D68E957A2BE66F4000FC8689 /* Preview Assets.xcassets */ = {isa = PBXFileReference; lastKnownFileType = folder.assetcatalog; path = "Preview Assets.xcassets"; sourceTree = "<group>"; };
		D68E95802BE66F4000FC8689 /* GlobeAnimationTests.xctest */ = {isa = PBXFileReference; explicitFileType = wrapper.cfbundle; includeInIndex = 0; path = GlobeAnimationTests.xctest; sourceTree = BUILT_PRODUCTS_DIR; };
		D68E95842BE66F4000FC8689 /* GlobeAnimationTests.swift */ = {isa = PBXFileReference; lastKnownFileType = sourcecode.swift; path = GlobeAnimationTests.swift; sourceTree = "<group>"; };
		D68E958A2BE66F4000FC8689 /* GlobeAnimationUITests.xctest */ = {isa = PBXFileReference; explicitFileType = wrapper.cfbundle; includeInIndex = 0; path = GlobeAnimationUITests.xctest; sourceTree = BUILT_PRODUCTS_DIR; };
		D68E958E2BE66F4000FC8689 /* GlobeAnimationUITests.swift */ = {isa = PBXFileReference; lastKnownFileType = sourcecode.swift; path = GlobeAnimationUITests.swift; sourceTree = "<group>"; };
		D68E95902BE66F4000FC8689 /* GlobeAnimationUITestsLaunchTests.swift */ = {isa = PBXFileReference; lastKnownFileType = sourcecode.swift; path = GlobeAnimationUITestsLaunchTests.swift; sourceTree = "<group>"; };
/* End PBXFileReference section */

/* Begin PBXFrameworksBuildPhase section */
		D68E956D2BE66F3D00FC8689 /* Frameworks */ = {
			isa = PBXFrameworksBuildPhase;
			buildActionMask = 2147483647;
			files = (
			);
			runOnlyForDeploymentPostprocessing = 0;
		};
		D68E957D2BE66F4000FC8689 /* Frameworks */ = {
			isa = PBXFrameworksBuildPhase;
			buildActionMask = 2147483647;
			files = (
			);
			runOnlyForDeploymentPostprocessing = 0;
		};
		D68E95872BE66F4000FC8689 /* Frameworks */ = {
			isa = PBXFrameworksBuildPhase;
			buildActionMask = 2147483647;
			files = (
			);
			runOnlyForDeploymentPostprocessing = 0;
		};
/* End PBXFrameworksBuildPhase section */

/* Begin PBXGroup section */
		D68E95672BE66F3D00FC8689 = {
			isa = PBXGroup;
			children = (
				D68E95722BE66F3D00FC8689 /* GlobeAnimation */,
				D68E95832BE66F4000FC8689 /* GlobeAnimationTests */,
				D68E958D2BE66F4000FC8689 /* GlobeAnimationUITests */,
				D68E95712BE66F3D00FC8689 /* Products */,
			);
			sourceTree = "<group>";
		};
		D68E95712BE66F3D00FC8689 /* Products */ = {
			isa = PBXGroup;
			children = (
				D68E95702BE66F3D00FC8689 /* GlobeAnimation.app */,
				D68E95802BE66F4000FC8689 /* GlobeAnimationTests.xctest */,
				D68E958A2BE66F4000FC8689 /* GlobeAnimationUITests.xctest */,
			);
			name = Products;
			sourceTree = "<group>";
		};
		D68E95722BE66F3D00FC8689 /* GlobeAnimation */ = {
			isa = PBXGroup;
			children = (
				D68E95732BE66F3D00FC8689 /* GlobeAnimationApp.swift */,
				D68E95752BE66F3D00FC8689 /* ContentView.swift */,
				D68E95772BE66F4000FC8689 /* Assets.xcassets */,
				D68E95792BE66F4000FC8689 /* Preview Content */,
			);
			path = GlobeAnimation;
			sourceTree = "<group>";
		};
		D68E95792BE66F4000FC8689 /* Preview Content */ = {
			isa = PBXGroup;
			children = (
				D68E957A2BE66F4000FC8689 /* Preview Assets.xcassets */,
			);
			path = "Preview Content";
			sourceTree = "<group>";
		};
		D68E95832BE66F4000FC8689 /* GlobeAnimationTests */ = {
			isa = PBXGroup;
			children = (
				D68E95842BE66F4000FC8689 /* GlobeAnimationTests.swift */,
			);
			path = GlobeAnimationTests;
			sourceTree = "<group>";
		};
		D68E958D2BE66F4000FC8689 /* GlobeAnimationUITests */ = {
			isa = PBXGroup;
			children = (
				D68E958E2BE66F4000FC8689 /* GlobeAnimationUITests.swift */,
				D68E95902BE66F4000FC8689 /* GlobeAnimationUITestsLaunchTests.swift */,
			);
			path = GlobeAnimationUITests;
			sourceTree = "<group>";
		};
/* End PBXGroup section */

/* Begin PBXNativeTarget section */
		D68E956F2BE66F3D00FC8689 /* GlobeAnimation */ = {
			isa = PBXNativeTarget;
			buildConfigurationList = D68E95942BE66F4000FC8689 /* Build configuration list for PBXNativeTarget "GlobeAnimation" */;
			buildPhases = (
				D68E956C2BE66F3D00FC8689 /* Sources */,
				D68E956D2BE66F3D00FC8689 /* Frameworks */,
				D68E956E2BE66F3D00FC8689 /* Resources */,
			);
			buildRules = (
			);
			dependencies = (
			);
			name = GlobeAnimation;
			productName = GlobeAnimation;
			productReference = D68E95702BE66F3D00FC8689 /* GlobeAnimation.app */;
			productType = "com.apple.product-type.application";
		};
		D68E957F2BE66F4000FC8689 /* GlobeAnimationTests */ = {
			isa = PBXNativeTarget;
			buildConfigurationList = D68E95972BE66F4000FC8689 /* Build configuration list for PBXNativeTarget "GlobeAnimationTests" */;
			buildPhases = (
				D68E957C2BE66F4000FC8689 /* Sources */,
				D68E957D2BE66F4000FC8689 /* Frameworks */,
				D68E957E2BE66F4000FC8689 /* Resources */,
			);
			buildRules = (
			);
			dependencies = (
				D68E95822BE66F4000FC8689 /* PBXTargetDependency */,
			);
			name = GlobeAnimationTests;
			productName = GlobeAnimationTests;
			productReference = D68E95802BE66F4000FC8689 /* GlobeAnimationTests.xctest */;
			productType = "com.apple.product-type.bundle.unit-test";
		};
		D68E95892BE66F4000FC8689 /* GlobeAnimationUITests */ = {
			isa = PBXNativeTarget;
			buildConfigurationList = D68E959A2BE66F4000FC8689 /* Build configuration list for PBXNativeTarget "GlobeAnimationUITests" */;
			buildPhases = (
				D68E95862BE66F4000FC8689 /* Sources */,
				D68E95872BE66F4000FC8689 /* Frameworks */,
				D68E95882BE66F4000FC8689 /* Resources */,
			);
			buildRules = (
			);
			dependencies = (
				D68E958C2BE66F4000FC8689 /* PBXTargetDependency */,
			);
			name = GlobeAnimationUITests;
			productName = GlobeAnimationUITests;
			productReference = D68E958A2BE66F4000FC8689 /* GlobeAnimationUITests.xctest */;
			productType = "com.apple.product-type.bundle.ui-testing";
		};
/* End PBXNativeTarget section */

/* Begin PBXProject section */
		D68E95682BE66F3D00FC8689 /* Project object */ = {
			isa = PBXProject;
			attributes = {
				BuildIndependentTargetsInParallel = 1;
				LastSwiftUpdateCheck = 1530;
				LastUpgradeCheck = 1530;
				TargetAttributes = {
					D68E956F2BE66F3D00FC8689 = {
						CreatedOnToolsVersion = 15.3;
					};
					D68E957F2BE66F4000FC8689 = {
						CreatedOnToolsVersion = 15.3;
						TestTargetID = D68E956F2BE66F3D00FC8689;
					};
					D68E95892BE66F4000FC8689 = {
						CreatedOnToolsVersion = 15.3;
						TestTargetID = D68E956F2BE66F3D00FC8689;
					};
				};
			};
			buildConfigurationList = D68E956B2BE66F3D00FC8689 /* Build configuration list for PBXProject "GlobeAnimation" */;
			compatibilityVersion = "Xcode 14.0";
			developmentRegion = en;
			hasScannedForEncodings = 0;
			knownRegions = (
				en,
				Base,
			);
			mainGroup = D68E95672BE66F3D00FC8689;
			productRefGroup = D68E95712BE66F3D00FC8689 /* Products */;
			projectDirPath = "";
			projectRoot = "";
			targets = (
				D68E956F2BE66F3D00FC8689 /* GlobeAnimation */,
				D68E957F2BE66F4000FC8689 /* GlobeAnimationTests */,
				D68E95892BE66F4000FC8689 /* GlobeAnimationUITests */,
			);
		};
/* End PBXProject section */

/* Begin PBXResourcesBuildPhase section */
		D68E956E2BE66F3D00FC8689 /* Resources */ = {
			isa = PBXResourcesBuildPhase;
			buildActionMask = 2147483647;
			files = (
				D68E957B2BE66F4000FC8689 /* Preview Assets.xcassets in Resources */,
				D68E95782BE66F4000FC8689 /* Assets.xcassets in Resources */,
			);
			runOnlyForDeploymentPostprocessing = 0;
		};
		D68E957E2BE66F4000FC8689 /* Resources */ = {
			isa = PBXResourcesBuildPhase;
			buildActionMask = 2147483647;
			files = (
			);
			runOnlyForDeploymentPostprocessing = 0;
		};
		D68E95882BE66F4000FC8689 /* Resources */ = {
			isa = PBXResourcesBuildPhase;
			buildActionMask = 2147483647;
			files = (
			);
			runOnlyForDeploymentPostprocessing = 0;
		};
/* End PBXResourcesBuildPhase section */

/* Begin PBXSourcesBuildPhase section */
		D68E956C2BE66F3D00FC8689 /* Sources */ = {
			isa = PBXSourcesBuildPhase;
			buildActionMask = 2147483647;
			files = (
				D68E95762BE66F3D00FC8689 /* ContentView.swift in Sources */,
				D68E95742BE66F3D00FC8689 /* GlobeAnimationApp.swift in Sources */,
			);
			runOnlyForDeploymentPostprocessing = 0;
		};
		D68E957C2BE66F4000FC8689 /* Sources */ = {
			isa = PBXSourcesBuildPhase;
			buildActionMask = 2147483647;
			files = (
				D68E95852BE66F4000FC8689 /* GlobeAnimationTests.swift in Sources */,
			);
			runOnlyForDeploymentPostprocessing = 0;
		};
		D68E95862BE66F4000FC8689 /* Sources */ = {
			isa = PBXSourcesBuildPhase;
			buildActionMask = 2147483647;
			files = (
				D68E958F2BE66F4000FC8689 /* GlobeAnimationUITests.swift in Sources */,
				D68E95912BE66F4000FC8689 /* GlobeAnimationUITestsLaunchTests.swift in Sources */,
			);
			runOnlyForDeploymentPostprocessing = 0;
		};
/* End PBXSourcesBuildPhase section */

/* Begin PBXTargetDependency section */
		D68E95822BE66F4000FC8689 /* PBXTargetDependency */ = {
			isa = PBXTargetDependency;
			target = D68E956F2BE66F3D00FC8689 /* GlobeAnimation */;
			targetProxy = D68E95812BE66F4000FC8689 /* PBXContainerItemProxy */;
		};
		D68E958C2BE66F4000FC8689 /* PBXTargetDependency */ = {
			isa = PBXTargetDependency;
			target = D68E956F2BE66F3D00FC8689 /* GlobeAnimation */;
			targetProxy = D68E958B2BE66F4000FC8689 /* PBXContainerItemProxy */;
		};
/* End PBXTargetDependency section */

/* Begin XCBuildConfiguration section */
		D68E95922BE66F4000FC8689 /* Debug */ = {
			isa = XCBuildConfiguration;
			buildSettings = {
				ALWAYS_SEARCH_USER_PATHS = NO;
				ASSETCATALOG_COMPILER_GENERATE_SWIFT_ASSET_SYMBOL_EXTENSIONS = YES;
				CLANG_ANALYZER_NONNULL = YES;
				CLANG_ANALYZER_NUMBER_OBJECT_CONVERSION = YES_AGGRESSIVE;
				CLANG_CXX_LANGUAGE_STANDARD = "gnu++20";
				CLANG_ENABLE_MODULES = YES;
				CLANG_ENABLE_OBJC_ARC = YES;
				CLANG_ENABLE_OBJC_WEAK = YES;
				CLANG_WARN_BLOCK_CAPTURE_AUTORELEASING = YES;
				CLANG_WARN_BOOL_CONVERSION = YES;
				CLANG_WARN_COMMA = YES;
				CLANG_WARN_CONSTANT_CONVERSION = YES;
				CLANG_WARN_DEPRECATED_OBJC_IMPLEMENTATIONS = YES;
				CLANG_WARN_DIRECT_OBJC_ISA_USAGE = YES_ERROR;
				CLANG_WARN_DOCUMENTATION_COMMENTS = YES;
				CLANG_WARN_EMPTY_BODY = YES;
				CLANG_WARN_ENUM_CONVERSION = YES;
				CLANG_WARN_INFINITE_RECURSION = YES;
				CLANG_WARN_INT_CONVERSION = YES;
				CLANG_WARN_NON_LITERAL_NULL_CONVERSION = YES;
				CLANG_WARN_OBJC_IMPLICIT_RETAIN_SELF = YES;
				CLANG_WARN_OBJC_LITERAL_CONVERSION = YES;
				CLANG_WARN_OBJC_ROOT_CLASS = YES_ERROR;
				CLANG_WARN_QUOTED_INCLUDE_IN_FRAMEWORK_HEADER = YES;
				CLANG_WARN_RANGE_LOOP_ANALYSIS = YES;
				CLANG_WARN_STRICT_PROTOTYPES = YES;
				CLANG_WARN_SUSPICIOUS_MOVE = YES;
				CLANG_WARN_UNGUARDED_AVAILABILITY = YES_AGGRESSIVE;
				CLANG_WARN_UNREACHABLE_CODE = YES;
				CLANG_WARN__DUPLICATE_METHOD_MATCH = YES;
				COPY_PHASE_STRIP = NO;
				DEBUG_INFORMATION_FORMAT = dwarf;
				ENABLE_STRICT_OBJC_MSGSEND = YES;
				ENABLE_TESTABILITY = YES;
				ENABLE_USER_SCRIPT_SANDBOXING = YES;
				GCC_C_LANGUAGE_STANDARD = gnu17;
				GCC_DYNAMIC_NO_PIC = NO;
				GCC_NO_COMMON_BLOCKS = YES;
				GCC_OPTIMIZATION_LEVEL = 0;
				GCC_PREPROCESSOR_DEFINITIONS = (
					"DEBUG=1",
					"$(inherited)",
				);
				GCC_WARN_64_TO_32_BIT_CONVERSION = YES;
				GCC_WARN_ABOUT_RETURN_TYPE = YES_ERROR;
				GCC_WARN_UNDECLARED_SELECTOR = YES;
				GCC_WARN_UNINITIALIZED_AUTOS = YES_AGGRESSIVE;
				GCC_WARN_UNUSED_FUNCTION = YES;
				GCC_WARN_UNUSED_VARIABLE = YES;
				IPHONEOS_DEPLOYMENT_TARGET = 17.4;
				LOCALIZATION_PREFERS_STRING_CATALOGS = YES;
				MTL_ENABLE_DEBUG_INFO = INCLUDE_SOURCE;
				MTL_FAST_MATH = YES;
				ONLY_ACTIVE_ARCH = YES;
				SDKROOT = iphoneos;
				SWIFT_ACTIVE_COMPILATION_CONDITIONS = "DEBUG $(inherited)";
				SWIFT_OPTIMIZATION_LEVEL = "-Onone";
			};
			name = Debug;
		};
		D68E95932BE66F4000FC8689 /* Release */ = {
			isa = XCBuildConfiguration;
			buildSettings = {
				ALWAYS_SEARCH_USER_PATHS = NO;
				ASSETCATALOG_COMPILER_GENERATE_SWIFT_ASSET_SYMBOL_EXTENSIONS = YES;
				CLANG_ANALYZER_NONNULL = YES;
				CLANG_ANALYZER_NUMBER_OBJECT_CONVERSION = YES_AGGRESSIVE;
				CLANG_CXX_LANGUAGE_STANDARD = "gnu++20";
				CLANG_ENABLE_MODULES = YES;
				CLANG_ENABLE_OBJC_ARC = YES;
				CLANG_ENABLE_OBJC_WEAK = YES;
				CLANG_WARN_BLOCK_CAPTURE_AUTORELEASING = YES;
				CLANG_WARN_BOOL_CONVERSION = YES;
				CLANG_WARN_COMMA = YES;
				CLANG_WARN_CONSTANT_CONVERSION = YES;
				CLANG_WARN_DEPRECATED_OBJC_IMPLEMENTATIONS = YES;
				CLANG_WARN_DIRECT_OBJC_ISA_USAGE = YES_ERROR;
				CLANG_WARN_DOCUMENTATION_COMMENTS = YES;
				CLANG_WARN_EMPTY_BODY = YES;
				CLANG_WARN_ENUM_CONVERSION = YES;
				CLANG_WARN_INFINITE_RECURSION = YES;
				CLANG_WARN_INT_CONVERSION = YES;
				CLANG_WARN_NON_LITERAL_NULL_CONVERSION = YES;
				CLANG_WARN_OBJC_IMPLICIT_RETAIN_SELF = YES;
				CLANG_WARN_OBJC_LITERAL_CONVERSION = YES;
				CLANG_WARN_OBJC_ROOT_CLASS = YES_ERROR;
				CLANG_WARN_QUOTED_INCLUDE_IN_FRAMEWORK_HEADER = YES;
				CLANG_WARN_RANGE_LOOP_ANALYSIS = YES;
				CLANG_WARN_STRICT_PROTOTYPES = YES;
				CLANG_WARN_SUSPICIOUS_MOVE = YES;
				CLANG_WARN_UNGUARDED_AVAILABILITY = YES_AGGRESSIVE;
				CLANG_WARN_UNREACHABLE_CODE = YES;
				CLANG_WARN__DUPLICATE_METHOD_MATCH = YES;
				COPY_PHASE_STRIP = NO;
				DEBUG_INFORMATION_FORMAT = "dwarf-with-dsym";
				ENABLE_NS_ASSERTIONS = NO;
				ENABLE_STRICT_OBJC_MSGSEND = YES;
				ENABLE_USER_SCRIPT_SANDBOXING = YES;
				GCC_C_LANGUAGE_STANDARD = gnu17;
				GCC_NO_COMMON_BLOCKS = YES;
				GCC_WARN_64_TO_32_BIT_CONVERSION = YES;
				GCC_WARN_ABOUT_RETURN_TYPE = YES_ERROR;
				GCC_WARN_UNDECLARED_SELECTOR = YES;
				GCC_WARN_UNINITIALIZED_AUTOS = YES_AGGRESSIVE;
				GCC_WARN_UNUSED_FUNCTION = YES;
				GCC_WARN_UNUSED_VARIABLE = YES;
				IPHONEOS_DEPLOYMENT_TARGET = 17.4;
				LOCALIZATION_PREFERS_STRING_CATALOGS = YES;
				MTL_ENABLE_DEBUG_INFO = NO;
				MTL_FAST_MATH = YES;
				SDKROOT = iphoneos;
				SWIFT_COMPILATION_MODE = wholemodule;
				VALIDATE_PRODUCT = YES;
			};
			name = Release;
		};
		D68E95952BE66F4000FC8689 /* Debug */ = {
			isa = XCBuildConfiguration;
			buildSettings = {
				ASSETCATALOG_COMPILER_APPICON_NAME = AppIcon;
				ASSETCATALOG_COMPILER_GLOBAL_ACCENT_COLOR_NAME = AccentColor;
				CODE_SIGN_STYLE = Automatic;
				CURRENT_PROJECT_VERSION = 1;
				DEVELOPMENT_ASSET_PATHS = "\"GlobeAnimation/Preview Content\"";
				DEVELOPMENT_TEAM = K6LJCT8RAA;
				ENABLE_PREVIEWS = YES;
				GENERATE_INFOPLIST_FILE = YES;
				INFOPLIST_KEY_UIApplicationSceneManifest_Generation = YES;
				INFOPLIST_KEY_UIApplicationSupportsIndirectInputEvents = YES;
				INFOPLIST_KEY_UILaunchScreen_Generation = YES;
				INFOPLIST_KEY_UISupportedInterfaceOrientations_iPad = "UIInterfaceOrientationPortrait UIInterfaceOrientationPortraitUpsideDown UIInterfaceOrientationLandscapeLeft UIInterfaceOrientationLandscapeRight";
				INFOPLIST_KEY_UISupportedInterfaceOrientations_iPhone = "UIInterfaceOrientationPortrait UIInterfaceOrientationLandscapeLeft UIInterfaceOrientationLandscapeRight";
				LD_RUNPATH_SEARCH_PATHS = (
					"$(inherited)",
					"@executable_path/Frameworks",
				);
				MARKETING_VERSION = 1.0;
				PRODUCT_BUNDLE_IDENTIFIER = com.template.GlobeAnimation;
				PRODUCT_NAME = "$(TARGET_NAME)";
				SWIFT_EMIT_LOC_STRINGS = YES;
				SWIFT_VERSION = 5.0;
				TARGETED_DEVICE_FAMILY = "1,2";
			};
			name = Debug;
		};
		D68E95962BE66F4000FC8689 /* Release */ = {
			isa = XCBuildConfiguration;
			buildSettings = {
				ASSETCATALOG_COMPILER_APPICON_NAME = AppIcon;
				ASSETCATALOG_COMPILER_GLOBAL_ACCENT_COLOR_NAME = AccentColor;
				CODE_SIGN_STYLE = Automatic;
				CURRENT_PROJECT_VERSION = 1;
				DEVELOPMENT_ASSET_PATHS = "\"GlobeAnimation/Preview Content\"";
				DEVELOPMENT_TEAM = K6LJCT8RAA;
				ENABLE_PREVIEWS = YES;
				GENERATE_INFOPLIST_FILE = YES;
				INFOPLIST_KEY_UIApplicationSceneManifest_Generation = YES;
				INFOPLIST_KEY_UIApplicationSupportsIndirectInputEvents = YES;
				INFOPLIST_KEY_UILaunchScreen_Generation = YES;
				INFOPLIST_KEY_UISupportedInterfaceOrientations_iPad = "UIInterfaceOrientationPortrait UIInterfaceOrientationPortraitUpsideDown UIInterfaceOrientationLandscapeLeft UIInterfaceOrientationLandscapeRight";
				INFOPLIST_KEY_UISupportedInterfaceOrientations_iPhone = "UIInterfaceOrientationPortrait UIInterfaceOrientationLandscapeLeft UIInterfaceOrientationLandscapeRight";
				LD_RUNPATH_SEARCH_PATHS = (
					"$(inherited)",
					"@executable_path/Frameworks",
				);
				MARKETING_VERSION = 1.0;
				PRODUCT_BUNDLE_IDENTIFIER = com.template.GlobeAnimation;
				PRODUCT_NAME = "$(TARGET_NAME)";
				SWIFT_EMIT_LOC_STRINGS = YES;
				SWIFT_VERSION = 5.0;
				TARGETED_DEVICE_FAMILY = "1,2";
			};
			name = Release;
		};
		D68E95982BE66F4000FC8689 /* Debug */ = {
			isa = XCBuildConfiguration;
			buildSettings = {
				ALWAYS_EMBED_SWIFT_STANDARD_LIBRARIES = YES;
				BUNDLE_LOADER = "$(TEST_HOST)";
				CODE_SIGN_STYLE = Automatic;
				CURRENT_PROJECT_VERSION = 1;
				DEVELOPMENT_TEAM = K6LJCT8RAA;
				GENERATE_INFOPLIST_FILE = YES;
				IPHONEOS_DEPLOYMENT_TARGET = 17.4;
				MARKETING_VERSION = 1.0;
				PRODUCT_BUNDLE_IDENTIFIER = com.template.GlobeAnimationTests;
				PRODUCT_NAME = "$(TARGET_NAME)";
				SWIFT_EMIT_LOC_STRINGS = NO;
				SWIFT_VERSION = 5.0;
				TARGETED_DEVICE_FAMILY = "1,2";
				TEST_HOST = "$(BUILT_PRODUCTS_DIR)/GlobeAnimation.app/$(BUNDLE_EXECUTABLE_FOLDER_PATH)/GlobeAnimation";
			};
			name = Debug;
		};
		D68E95992BE66F4000FC8689 /* Release */ = {
			isa = XCBuildConfiguration;
			buildSettings = {
				ALWAYS_EMBED_SWIFT_STANDARD_LIBRARIES = YES;
				BUNDLE_LOADER = "$(TEST_HOST)";
				CODE_SIGN_STYLE = Automatic;
				CURRENT_PROJECT_VERSION = 1;
				DEVELOPMENT_TEAM = K6LJCT8RAA;
				GENERATE_INFOPLIST_FILE = YES;
				IPHONEOS_DEPLOYMENT_TARGET = 17.4;
				MARKETING_VERSION = 1.0;
				PRODUCT_BUNDLE_IDENTIFIER = com.template.GlobeAnimationTests;
				PRODUCT_NAME = "$(TARGET_NAME)";
				SWIFT_EMIT_LOC_STRINGS = NO;
				SWIFT_VERSION = 5.0;
				TARGETED_DEVICE_FAMILY = "1,2";
				TEST_HOST = "$(BUILT_PRODUCTS_DIR)/GlobeAnimation.app/$(BUNDLE_EXECUTABLE_FOLDER_PATH)/GlobeAnimation";
			};
			name = Release;
		};
		D68E959B2BE66F4000FC8689 /* Debug */ = {
			isa = XCBuildConfiguration;
			buildSettings = {
				ALWAYS_EMBED_SWIFT_STANDARD_LIBRARIES = YES;
				CODE_SIGN_STYLE = Automatic;
				CURRENT_PROJECT_VERSION = 1;
				DEVELOPMENT_TEAM = K6LJCT8RAA;
				GENERATE_INFOPLIST_FILE = YES;
				MARKETING_VERSION = 1.0;
				PRODUCT_BUNDLE_IDENTIFIER = com.template.GlobeAnimationUITests;
				PRODUCT_NAME = "$(TARGET_NAME)";
				SWIFT_EMIT_LOC_STRINGS = NO;
				SWIFT_VERSION = 5.0;
				TARGETED_DEVICE_FAMILY = "1,2";
				TEST_TARGET_NAME = GlobeAnimation;
			};
			name = Debug;
		};
		D68E959C2BE66F4000FC8689 /* Release */ = {
			isa = XCBuildConfiguration;
			buildSettings = {
				ALWAYS_EMBED_SWIFT_STANDARD_LIBRARIES = YES;
				CODE_SIGN_STYLE = Automatic;
				CURRENT_PROJECT_VERSION = 1;
				DEVELOPMENT_TEAM = K6LJCT8RAA;
				GENERATE_INFOPLIST_FILE = YES;
				MARKETING_VERSION = 1.0;
				PRODUCT_BUNDLE_IDENTIFIER = com.template.GlobeAnimationUITests;
				PRODUCT_NAME = "$(TARGET_NAME)";
				SWIFT_EMIT_LOC_STRINGS = NO;
				SWIFT_VERSION = 5.0;
				TARGETED_DEVICE_FAMILY = "1,2";
				TEST_TARGET_NAME = GlobeAnimation;
			};
			name = Release;
		};
/* End XCBuildConfiguration section */

/* Begin XCConfigurationList section */
		D68E956B2BE66F3D00FC8689 /* Build configuration list for PBXProject "GlobeAnimation" */ = {
			isa = XCConfigurationList;
			buildConfigurations = (
				D68E95922BE66F4000FC8689 /* Debug */,
				D68E95932BE66F4000FC8689 /* Release */,
			);
			defaultConfigurationIsVisible = 0;
			defaultConfigurationName = Release;
		};
		D68E95942BE66F4000FC8689 /* Build configuration list for PBXNativeTarget "GlobeAnimation" */ = {
			isa = XCConfigurationList;
			buildConfigurations = (
				D68E95952BE66F4000FC8689 /* Debug */,
				D68E95962BE66F4000FC8689 /* Release */,
			);
			defaultConfigurationIsVisible = 0;
			defaultConfigurationName = Release;
		};
		D68E95972BE66F4000FC8689 /* Build configuration list for PBXNativeTarget "GlobeAnimationTests" */ = {
			isa = XCConfigurationList;
			buildConfigurations = (
				D68E95982BE66F4000FC8689 /* Debug */,
				D68E95992BE66F4000FC8689 /* Release */,
			);
			defaultConfigurationIsVisible = 0;
			defaultConfigurationName = Release;
		};
		D68E959A2BE66F4000FC8689 /* Build configuration list for PBXNativeTarget "GlobeAnimationUITests" */ = {
			isa = XCConfigurationList;
			buildConfigurations = (
				D68E959B2BE66F4000FC8689 /* Debug */,
				D68E959C2BE66F4000FC8689 /* Release */,
			);
			defaultConfigurationIsVisible = 0;
			defaultConfigurationName = Release;
		};
/* End XCConfigurationList section */
	};
	rootObject = D68E95682BE66F3D00FC8689 /* Project object */;
}
